
Microsoft Visual Studio Solution File, Format Version 12.00
# Visual Studio Version 17
VisualStudioVersion = 17.1.32421.90
MinimumVisualStudioVersion = 10.0.40219.1
Project("{FAE04EC0-301F-11D3-BF4B-00C04F79EFBC}") = "bibliotecaAestethic", "bibliotecaAestethic\bibliotecaAestethic.csproj", "{A0076369-5F3F-4D06-846C-A87598ECD655}"
EndProject
Global
	GlobalSection(SolutionConfigurationPlatforms) = preSolution
		Debug|Any CPU = Debug|Any CPU
		Release|Any CPU = Release|Any CPU
	EndGlobalSection
	GlobalSection(ProjectConfigurationPlatforms) = postSolution
		{A0076369-5F3F-4D06-846C-A87598ECD655}.Debug|Any CPU.ActiveCfg = Debug|Any CPU
		{A0076369-5F3F-4D06-846C-A87598ECD655}.Debug|Any CPU.Build.0 = Debug|Any CPU
		{A0076369-5F3F-4D06-846C-A87598ECD655}.Release|Any CPU.ActiveCfg = Release|Any CPU
		{A0076369-5F3F-4D06-846C-A87598ECD655}.Release|Any CPU.Build.0 = Release|Any CPU
	EndGlobalSection
	GlobalSection(SolutionProperties) = preSolution
		HideSolutionNode = FALSE
	EndGlobalSection
	GlobalSection(ExtensibilityGlobals) = postSolution
		SolutionGuid = {A44C0158-917E-4934-8CA0-4C59CDF554B5}
	EndGlobalSection
EndGlobal
