
Microsoft Visual Studio Solution File, Format Version 12.00
# Visual Studio Version 17
VisualStudioVersion = 17.0.31717.71
MinimumVisualStudioVersion = 10.0.40219.1
Project("{9A19103F-16F7-4668-BE54-9A1E7A4F7556}") = "bibliotecaAestethic", "bibliotecaAestethic.csproj", "{F23DC2FF-B3A6-4965-9DDF-A96A0E914CCD}"
EndProject
Global
	GlobalSection(SolutionConfigurationPlatforms) = preSolution
		Debug|Any CPU = Debug|Any CPU
		Release|Any CPU = Release|Any CPU
	EndGlobalSection
	GlobalSection(ProjectConfigurationPlatforms) = postSolution
		{F23DC2FF-B3A6-4965-9DDF-A96A0E914CCD}.Debug|Any CPU.ActiveCfg = Debug|Any CPU
		{F23DC2FF-B3A6-4965-9DDF-A96A0E914CCD}.Debug|Any CPU.Build.0 = Debug|Any CPU
		{F23DC2FF-B3A6-4965-9DDF-A96A0E914CCD}.Release|Any CPU.ActiveCfg = Release|Any CPU
		{F23DC2FF-B3A6-4965-9DDF-A96A0E914CCD}.Release|Any CPU.Build.0 = Release|Any CPU
	EndGlobalSection
	GlobalSection(SolutionProperties) = preSolution
		HideSolutionNode = FALSE
	EndGlobalSection
	GlobalSection(ExtensibilityGlobals) = postSolution
		SolutionGuid = {5C77CD28-00AA-4CE6-87EB-8F49B70F9CDC}
	EndGlobalSection
EndGlobal